
Microsoft Visual Studio Solution File, Format Version 12.00
# Visual Studio Version 16
VisualStudioVersion = 16.0.29609.76
MinimumVisualStudioVersion = 10.0.40219.1
Project("{FAE04EC0-301F-11D3-BF4B-00C04F79EFBC}") = "ClassApi1CodeFirst", "ClassApi1CodeFirst\ClassApi1CodeFirst.csproj", "{A41E30AA-A1E2-4583-9C09-A16B33EBB6BF}"
EndProject
Global
	GlobalSection(SolutionConfigurationPlatforms) = preSolution
		Debug|Any CPU = Debug|Any CPU
		Release|Any CPU = Release|Any CPU
	EndGlobalSection
	GlobalSection(ProjectConfigurationPlatforms) = postSolution
		{A41E30AA-A1E2-4583-9C09-A16B33EBB6BF}.Debug|Any CPU.ActiveCfg = Debug|Any CPU
		{A41E30AA-A1E2-4583-9C09-A16B33EBB6BF}.Debug|Any CPU.Build.0 = Debug|Any CPU
		{A41E30AA-A1E2-4583-9C09-A16B33EBB6BF}.Release|Any CPU.ActiveCfg = Release|Any CPU
		{A41E30AA-A1E2-4583-9C09-A16B33EBB6BF}.Release|Any CPU.Build.0 = Release|Any CPU
	EndGlobalSection
	GlobalSection(SolutionProperties) = preSolution
		HideSolutionNode = FALSE
	EndGlobalSection
	GlobalSection(ExtensibilityGlobals) = postSolution
		SolutionGuid = {4DBDEC0A-8D27-4B7B-A90A-1E5265BC7162}
	EndGlobalSection
EndGlobal
